
Microsoft Visual Studio Solution File, Format Version 12.00
# Visual Studio 15
VisualStudioVersion = 15.0.27004.2010
MinimumVisualStudioVersion = 10.0.40219.1
Project("{FAE04EC0-301F-11D3-BF4B-00C04F79EFBC}") = "Example", "Example\Example.csproj", "{6CD59781-F31C-44F7-BEE9-E1EA0AB67236}"
EndProject
Global
	GlobalSection(SolutionConfigurationPlatforms) = preSolution
		Debug|Any CPU = Debug|Any CPU
		Release|Any CPU = Release|Any CPU
	EndGlobalSection
	GlobalSection(ProjectConfigurationPlatforms) = postSolution
		{6CD59781-F31C-44F7-BEE9-E1EA0AB67236}.Debug|Any CPU.ActiveCfg = Debug|Any CPU
		{6CD59781-F31C-44F7-BEE9-E1EA0AB67236}.Debug|Any CPU.Build.0 = Debug|Any CPU
		{6CD59781-F31C-44F7-BEE9-E1EA0AB67236}.Release|Any CPU.ActiveCfg = Release|Any CPU
		{6CD59781-F31C-44F7-BEE9-E1EA0AB67236}.Release|Any CPU.Build.0 = Release|Any CPU
	EndGlobalSection
	GlobalSection(SolutionProperties) = preSolution
		HideSolutionNode = FALSE
	EndGlobalSection
	GlobalSection(ExtensibilityGlobals) = postSolution
		SolutionGuid = {9F1DAB76-959A-41A2-8C0C-6D859F86E0BE}
	EndGlobalSection
EndGlobal
